{
  "name": "new-react-project",
  "version": "0.1.0",
  "lockfileVersion": 1,
  "requires": true,
  "dependencies": {
    "popper.js": {
      "version": "1.14.4",
      "resolved": "https://registry.npmjs.org/popper.js/-/popper.js-1.14.4.tgz",
      "integrity": "sha1-juwdj/AqWjoVLdQ0FKFce3n9abY="
    },
    "react-tippy": {
      "version": "1.2.2",
      "resolved": "https://registry.npmjs.org/react-tippy/-/react-tippy-1.2.2.tgz",
      "integrity": "sha512-xqmymAhKub1JGtLJ+HncUauBpwJjHAp6EkKBLeGtuhneaGQ3GnRp5aEd/YRNc4NmIb6o1lbf/Z6R9G3/VjnjYA==",
      "requires": {
        "popper.js": "1.14.4"
      }
    }
  }
}
